
Microsoft Visual Studio Solution File, Format Version 12.00
# Visual Studio Version 17
VisualStudioVersion = 17.9.34902.65
MinimumVisualStudioVersion = 10.0.40219.1
Project("{9A19103F-16F7-4668-BE54-9A1E7A4F7556}") = "FilltheForm", "FilltheForm.csproj", "{24E910B1-A71B-4989-815B-FAEFA01412D7}"
EndProject
Global
	GlobalSection(SolutionConfigurationPlatforms) = preSolution
		Debug|Any CPU = Debug|Any CPU
		Release|Any CPU = Release|Any CPU
	EndGlobalSection
	GlobalSection(ProjectConfigurationPlatforms) = postSolution
		{24E910B1-A71B-4989-815B-FAEFA01412D7}.Debug|Any CPU.ActiveCfg = Debug|Any CPU
		{24E910B1-A71B-4989-815B-FAEFA01412D7}.Debug|Any CPU.Build.0 = Debug|Any CPU
		{24E910B1-A71B-4989-815B-FAEFA01412D7}.Release|Any CPU.ActiveCfg = Release|Any CPU
		{24E910B1-A71B-4989-815B-FAEFA01412D7}.Release|Any CPU.Build.0 = Release|Any CPU
	EndGlobalSection
	GlobalSection(SolutionProperties) = preSolution
		HideSolutionNode = FALSE
	EndGlobalSection
	GlobalSection(ExtensibilityGlobals) = postSolution
		SolutionGuid = {89A1C721-CB45-4DA8-874B-1DF089DEA5CF}
	EndGlobalSection
EndGlobal
